{
  "nodes": {
    "flake-utils": {
      "locked": {
        "lastModified": 1676283394,
        "narHash": "sha256-XX2f9c3iySLCw54rJ/CZs+ZK6IQy7GXNY4nSOyu2QG4=",
        "owner": "numtide",
        "repo": "flake-utils",
        "rev": "3db36a8b464d0c4532ba1c7dda728f4576d6d073",
        "type": "github"
      },
      "original": {
        "owner": "numtide",
        "repo": "flake-utils",
        "type": "github"
      }
    },
    "flycast-src": {
      "flake": false,
      "locked": {
        "lastModified": 1677740641,
        "narHash": "sha256-8zUlQy8NRgG5gAqvIyUJShqd3vzJ3eFoF8dX04IYaK0=",
        "ref": "refs/heads/master",
        "rev": "9cbdcc6260c35805a0bbbfec17b805f4c1c0b729",
        "revCount": 5501,
        "submodules": true,
        "type": "git",
        "url": "https://github.com/flyinghead/flycast.git"
      },
      "original": {
        "submodules": true,
        "type": "git",
        "url": "https://github.com/flyinghead/flycast.git"
      }
    },
    "nixpkgs": {
      "locked": {
        "lastModified": 1677587185,
        "narHash": "sha256-zYT66MAYwctAQqI5VBw3LbBXiSKdB8vuMAqCGG8onbE=",
        "owner": "nixos",
        "repo": "nixpkgs",
        "rev": "68196a61c26748d3e53a6803de3d2f8c69f27831",
        "type": "github"
      },
      "original": {
        "owner": "nixos",
        "ref": "nixos-unstable",
        "repo": "nixpkgs",
        "type": "github"
      }
    },
    "root": {
      "inputs": {
        "flake-utils": "flake-utils",
        "flycast-src": "flycast-src",
        "nixpkgs": "nixpkgs"
      }
    }
  },
  "root": "root",
  "version": 7
}
