{
  "nodes": {
    "flake-utils": {
      "locked": {
        "lastModified": 1676283394,
        "narHash": "sha256-XX2f9c3iySLCw54rJ/CZs+ZK6IQy7GXNY4nSOyu2QG4=",
        "owner": "numtide",
        "repo": "flake-utils",
        "rev": "3db36a8b464d0c4532ba1c7dda728f4576d6d073",
        "type": "github"
      },
      "original": {
        "owner": "numtide",
        "repo": "flake-utils",
        "type": "github"
      }
    },
    "flycast-src": {
      "flake": false,
      "locked": {
        "lastModified": 1676210702,
        "narHash": "sha256-IFwEhFDw7FbwTVAv0m+579L/P4XX/gNtaxMor1Z/bnA=",
        "ref": "refs/heads/master",
        "rev": "08478aa75765df993a3e6b7507477f2bf364dca2",
        "revCount": 5479,
        "submodules": true,
        "type": "git",
        "url": "https://github.com/flyinghead/flycast.git"
      },
      "original": {
        "submodules": true,
        "type": "git",
        "url": "https://github.com/flyinghead/flycast.git"
      }
    },
    "nixpkgs": {
      "locked": {
        "lastModified": 1676202775,
        "narHash": "sha256-gV/RnfVZkGLHn+5rmX2GSh5aquVHpWOJw1cnpEV03tQ=",
        "owner": "nixos",
        "repo": "nixpkgs",
        "rev": "d917136f550a8c36efb1724390c7245105f79023",
        "type": "github"
      },
      "original": {
        "owner": "nixos",
        "ref": "nixos-unstable",
        "repo": "nixpkgs",
        "type": "github"
      }
    },
    "root": {
      "inputs": {
        "flake-utils": "flake-utils",
        "flycast-src": "flycast-src",
        "nixpkgs": "nixpkgs"
      }
    }
  },
  "root": "root",
  "version": 7
}
