{
  "nodes": {
    "flake-utils": {
      "locked": {
        "lastModified": 1678901627,
        "narHash": "sha256-U02riOqrKKzwjsxc/400XnElV+UtPUQWpANPlyazjH0=",
        "owner": "numtide",
        "repo": "flake-utils",
        "rev": "93a2b84fc4b70d9e089d029deacc3583435c2ed6",
        "type": "github"
      },
      "original": {
        "owner": "numtide",
        "repo": "flake-utils",
        "type": "github"
      }
    },
    "flycast-src": {
      "flake": false,
      "locked": {
        "lastModified": 1680640626,
        "narHash": "sha256-5hfSIBu/Ews4vHMQxO6bAMQuF3NHPO8n2X5vIKfSDpg=",
        "ref": "refs/heads/master",
        "rev": "187674ddac84038922bb29a0f89e99ecf3135e52",
        "revCount": 5542,
        "submodules": true,
        "type": "git",
        "url": "https://github.com/flyinghead/flycast.git"
      },
      "original": {
        "submodules": true,
        "type": "git",
        "url": "https://github.com/flyinghead/flycast.git"
      }
    },
    "nixpkgs": {
      "locked": {
        "lastModified": 1680669251,
        "narHash": "sha256-AVNE+0u4HlI3v96KCXE9risH7NKqj0QDLLfSckYXIbA=",
        "owner": "nixos",
        "repo": "nixpkgs",
        "rev": "9c8ff8b426a8b07b9e0a131ac3218740dc85ba1e",
        "type": "github"
      },
      "original": {
        "owner": "nixos",
        "ref": "nixos-unstable",
        "repo": "nixpkgs",
        "type": "github"
      }
    },
    "root": {
      "inputs": {
        "flake-utils": "flake-utils",
        "flycast-src": "flycast-src",
        "nixpkgs": "nixpkgs"
      }
    }
  },
  "root": "root",
  "version": 7
}
